// !$*UTF8*$!
{
	archiveVersion = 1;
	classes = {
	};
	objectVersion = 50;
	objects = {

/* Begin PBXBuildFile section */
		EC6B5CFF246CE6D300ED6360 /* AppDelegate.swift in Sources */ = {isa = PBXBuildFile; fileRef = EC6B5CFE246CE6D300ED6360 /* AppDelegate.swift */; };
		EC6B5D01246CE6D300ED6360 /* SceneDelegate.swift in Sources */ = {isa = PBXBuildFile; fileRef = EC6B5D00246CE6D300ED6360 /* SceneDelegate.swift */; };
		EC6B5D03246CE6D300ED6360 /* ViewController.swift in Sources */ = {isa = PBXBuildFile; fileRef = EC6B5D02246CE6D300ED6360 /* ViewController.swift */; };
		EC6B5D06246CE6D300ED6360 /* Main.storyboard in Resources */ = {isa = PBXBuildFile; fileRef = EC6B5D04246CE6D300ED6360 /* Main.storyboard */; };
		EC6B5D08246CE6D400ED6360 /* Assets.xcassets in Resources */ = {isa = PBXBuildFile; fileRef = EC6B5D07246CE6D400ED6360 /* Assets.xcassets */; };
		EC6B5D0B246CE6D400ED6360 /* LaunchScreen.storyboard in Resources */ = {isa = PBXBuildFile; fileRef = EC6B5D09246CE6D400ED6360 /* LaunchScreen.storyboard */; };
/* End PBXBuildFile section */

/* Begin PBXFileReference section */
		EC6B5CFB246CE6D300ED6360 /* DoIt_Chapter3_HW.app */ = {isa = PBXFileReference; explicitFileType = wrapper.application; includeInIndex = 0; path = DoIt_Chapter3_HW.app; sourceTree = BUILT_PRODUCTS_DIR; };
		EC6B5CFE246CE6D300ED6360 /* AppDelegate.swift */ = {isa = PBXFileReference; lastKnownFileType = sourcecode.swift; path = AppDelegate.swift; sourceTree = "<group>"; };
		EC6B5D00246CE6D300ED6360 /* SceneDelegate.swift */ = {isa = PBXFileReference; lastKnownFileType = sourcecode.swift; path = SceneDelegate.swift; sourceTree = "<group>"; };
		EC6B5D02246CE6D300ED6360 /* ViewController.swift */ = {isa = PBXFileReference; lastKnownFileType = sourcecode.swift; path = ViewController.swift; sourceTree = "<group>"; };
		EC6B5D05246CE6D300ED6360 /* Base */ = {isa = PBXFileReference; lastKnownFileType = file.storyboard; name = Base; path = Base.lproj/Main.storyboard; sourceTree = "<group>"; };
		EC6B5D07246CE6D400ED6360 /* Assets.xcassets */ = {isa = PBXFileReference; lastKnownFileType = folder.assetcatalog; path = Assets.xcassets; sourceTree = "<group>"; };
		EC6B5D0A246CE6D400ED6360 /* Base */ = {isa = PBXFileReference; lastKnownFileType = file.storyboard; name = Base; path = Base.lproj/LaunchScreen.storyboard; sourceTree = "<group>"; };
		EC6B5D0C246CE6D400ED6360 /* Info.plist */ = {isa = PBXFileReference; lastKnownFileType = text.plist.xml; path = Info.plist; sourceTree = "<group>"; };
/* End PBXFileReference section */

/* Begin PBXFrameworksBuildPhase section */
		EC6B5CF8246CE6D300ED6360 /* Frameworks */ = {
			isa = PBXFrameworksBuildPhase;
			buildActionMask = 2147483647;
			files = (
			);
			runOnlyForDeploymentPostprocessing = 0;
		};
/* End PBXFrameworksBuildPhase section */

/* Begin PBXGroup section */
		EC6B5CF2246CE6D300ED6360 = {
			isa = PBXGroup;
			children = (
				EC6B5CFD246CE6D300ED6360 /* DoIt_Chapter3_HW */,
				EC6B5CFC246CE6D300ED6360 /* Products */,
			);
			sourceTree = "<group>";
		};
		EC6B5CFC246CE6D300ED6360 /* Products */ = {
			isa = PBXGroup;
			children = (
				EC6B5CFB246CE6D300ED6360 /* DoIt_Chapter3_HW.app */,
			);
			name = Products;
			sourceTree = "<group>";
		};
		EC6B5CFD246CE6D300ED6360 /* DoIt_Chapter3_HW */ = {
			isa = PBXGroup;
			children = (
				EC6B5CFE246CE6D300ED6360 /* AppDelegate.swift */,
				EC6B5D00246CE6D300ED6360 /* SceneDelegate.swift */,
				EC6B5D02246CE6D300ED6360 /* ViewController.swift */,
				EC6B5D04246CE6D300ED6360 /* Main.storyboard */,
				EC6B5D07246CE6D400ED6360 /* Assets.xcassets */,
				EC6B5D09246CE6D400ED6360 /* LaunchScreen.storyboard */,
				EC6B5D0C246CE6D400ED6360 /* Info.plist */,
			);
			path = DoIt_Chapter3_HW;
			sourceTree = "<group>";
		};
/* End PBXGroup section */

/* Begin PBXNativeTarget section */
		EC6B5CFA246CE6D300ED6360 /* DoIt_Chapter3_HW */ = {
			isa = PBXNativeTarget;
			buildConfigurationList = EC6B5D0F246CE6D400ED6360 /* Build configuration list for PBXNativeTarget "DoIt_Chapter3_HW" */;
			buildPhases = (
				EC6B5CF7246CE6D300ED6360 /* Sources */,
				EC6B5CF8246CE6D300ED6360 /* Frameworks */,
				EC6B5CF9246CE6D300ED6360 /* Resources */,
			);
			buildRules = (
			);
			dependencies = (
			);
			name = DoIt_Chapter3_HW;
			productName = DoIt_Chapter3_HW;
			productReference = EC6B5CFB246CE6D300ED6360 /* DoIt_Chapter3_HW.app */;
			productType = "com.apple.product-type.application";
		};
/* End PBXNativeTarget section */

/* Begin PBXProject section */
		EC6B5CF3246CE6D300ED6360 /* Project object */ = {
			isa = PBXProject;
			attributes = {
				LastSwiftUpdateCheck = 1140;
				LastUpgradeCheck = 1140;
				ORGANIZATIONNAME = "Yunjae Kim";
				TargetAttributes = {
					EC6B5CFA246CE6D300ED6360 = {
						CreatedOnToolsVersion = 11.4.1;
					};
				};
			};
			buildConfigurationList = EC6B5CF6246CE6D300ED6360 /* Build configuration list for PBXProject "DoIt_Chapter3_HW" */;
			compatibilityVersion = "Xcode 9.3";
			developmentRegion = en;
			hasScannedForEncodings = 0;
			knownRegions = (
				en,
				Base,
			);
			mainGroup = EC6B5CF2246CE6D300ED6360;
			productRefGroup = EC6B5CFC246CE6D300ED6360 /* Products */;
			projectDirPath = "";
			projectRoot = "";
			targets = (
				EC6B5CFA246CE6D300ED6360 /* DoIt_Chapter3_HW */,
			);
		};
/* End PBXProject section */

/* Begin PBXResourcesBuildPhase section */
		EC6B5CF9246CE6D300ED6360 /* Resources */ = {
			isa = PBXResourcesBuildPhase;
			buildActionMask = 2147483647;
			files = (
				EC6B5D0B246CE6D400ED6360 /* LaunchScreen.storyboard in Resources */,
				EC6B5D08246CE6D400ED6360 /* Assets.xcassets in Resources */,
				EC6B5D06246CE6D300ED6360 /* Main.storyboard in Resources */,
			);
			runOnlyForDeploymentPostprocessing = 0;
		};
/* End PBXResourcesBuildPhase section */

/* Begin PBXSourcesBuildPhase section */
		EC6B5CF7246CE6D300ED6360 /* Sources */ = {
			isa = PBXSourcesBuildPhase;
			buildActionMask = 2147483647;
			files = (
				EC6B5D03246CE6D300ED6360 /* ViewController.swift in Sources */,
				EC6B5CFF246CE6D300ED6360 /* AppDelegate.swift in Sources */,
				EC6B5D01246CE6D300ED6360 /* SceneDelegate.swift in Sources */,
			);
			runOnlyForDeploymentPostprocessing = 0;
		};
/* End PBXSourcesBuildPhase section */

/* Begin PBXVariantGroup section */
		EC6B5D04246CE6D300ED6360 /* Main.storyboard */ = {
			isa = PBXVariantGroup;
			children = (
				EC6B5D05246CE6D300ED6360 /* Base */,
			);
			name = Main.storyboard;
			sourceTree = "<group>";
		};
		EC6B5D09246CE6D400ED6360 /* LaunchScreen.storyboard */ = {
			isa = PBXVariantGroup;
			children = (
				EC6B5D0A246CE6D400ED6360 /* Base */,
			);
			name = LaunchScreen.storyboard;
			sourceTree = "<group>";
		};
/* End PBXVariantGroup section */

/* Begin XCBuildConfiguration section */
		EC6B5D0D246CE6D400ED6360 /* Debug */ = {
			isa = XCBuildConfiguration;
			buildSettings = {
				ALWAYS_SEARCH_USER_PATHS = NO;
				CLANG_ANALYZER_NONNULL = YES;
				CLANG_ANALYZER_NUMBER_OBJECT_CONVERSION = YES_AGGRESSIVE;
				CLANG_CXX_LANGUAGE_STANDARD = "gnu++14";
				CLANG_CXX_LIBRARY = "libc++";
				CLANG_ENABLE_MODULES = YES;
				CLANG_ENABLE_OBJC_ARC = YES;
				CLANG_ENABLE_OBJC_WEAK = YES;
				CLANG_WARN_BLOCK_CAPTURE_AUTORELEASING = YES;
				CLANG_WARN_BOOL_CONVERSION = YES;
				CLANG_WARN_COMMA = YES;
				CLANG_WARN_CONSTANT_CONVERSION = YES;
				CLANG_WARN_DEPRECATED_OBJC_IMPLEMENTATIONS = YES;
				CLANG_WARN_DIRECT_OBJC_ISA_USAGE = YES_ERROR;
				CLANG_WARN_DOCUMENTATION_COMMENTS = YES;
				CLANG_WARN_EMPTY_BODY = YES;
				CLANG_WARN_ENUM_CONVERSION = YES;
				CLANG_WARN_INFINITE_RECURSION = YES;
				CLANG_WARN_INT_CONVERSION = YES;
				CLANG_WARN_NON_LITERAL_NULL_CONVERSION = YES;
				CLANG_WARN_OBJC_IMPLICIT_RETAIN_SELF = YES;
				CLANG_WARN_OBJC_LITERAL_CONVERSION = YES;
				CLANG_WARN_OBJC_ROOT_CLASS = YES_ERROR;
				CLANG_WARN_RANGE_LOOP_ANALYSIS = YES;
				CLANG_WARN_STRICT_PROTOTYPES = YES;
				CLANG_WARN_SUSPICIOUS_MOVE = YES;
				CLANG_WARN_UNGUARDED_AVAILABILITY = YES_AGGRESSIVE;
				CLANG_WARN_UNREACHABLE_CODE = YES;
				CLANG_WARN__DUPLICATE_METHOD_MATCH = YES;
				COPY_PHASE_STRIP = NO;
				DEBUG_INFORMATION_FORMAT = dwarf;
				ENABLE_STRICT_OBJC_MSGSEND = YES;
				ENABLE_TESTABILITY = YES;
				GCC_C_LANGUAGE_STANDARD = gnu11;
				GCC_DYNAMIC_NO_PIC = NO;
				GCC_NO_COMMON_BLOCKS = YES;
				GCC_OPTIMIZATION_LEVEL = 0;
				GCC_PREPROCESSOR_DEFINITIONS = (
					"DEBUG=1",
					"$(inherited)",
				);
				GCC_WARN_64_TO_32_BIT_CONVERSION = YES;
				GCC_WARN_ABOUT_RETURN_TYPE = YES_ERROR;
				GCC_WARN_UNDECLARED_SELECTOR = YES;
				GCC_WARN_UNINITIALIZED_AUTOS = YES_AGGRESSIVE;
				GCC_WARN_UNUSED_FUNCTION = YES;
				GCC_WARN_UNUSED_VARIABLE = YES;
				IPHONEOS_DEPLOYMENT_TARGET = 13.4;
				MTL_ENABLE_DEBUG_INFO = INCLUDE_SOURCE;
				MTL_FAST_MATH = YES;
				ONLY_ACTIVE_ARCH = YES;
				SDKROOT = iphoneos;
				SWIFT_ACTIVE_COMPILATION_CONDITIONS = DEBUG;
				SWIFT_OPTIMIZATION_LEVEL = "-Onone";
			};
			name = Debug;
		};
		EC6B5D0E246CE6D400ED6360 /* Release */ = {
			isa = XCBuildConfiguration;
			buildSettings = {
				ALWAYS_SEARCH_USER_PATHS = NO;
				CLANG_ANALYZER_NONNULL = YES;
				CLANG_ANALYZER_NUMBER_OBJECT_CONVERSION = YES_AGGRESSIVE;
				CLANG_CXX_LANGUAGE_STANDARD = "gnu++14";
				CLANG_CXX_LIBRARY = "libc++";
				CLANG_ENABLE_MODULES = YES;
				CLANG_ENABLE_OBJC_ARC = YES;
				CLANG_ENABLE_OBJC_WEAK = YES;
				CLANG_WARN_BLOCK_CAPTURE_AUTORELEASING = YES;
				CLANG_WARN_BOOL_CONVERSION = YES;
				CLANG_WARN_COMMA = YES;
				CLANG_WARN_CONSTANT_CONVERSION = YES;
				CLANG_WARN_DEPRECATED_OBJC_IMPLEMENTATIONS = YES;
				CLANG_WARN_DIRECT_OBJC_ISA_USAGE = YES_ERROR;
				CLANG_WARN_DOCUMENTATION_COMMENTS = YES;
				CLANG_WARN_EMPTY_BODY = YES;
				CLANG_WARN_ENUM_CONVERSION = YES;
				CLANG_WARN_INFINITE_RECURSION = YES;
				CLANG_WARN_INT_CONVERSION = YES;
				CLANG_WARN_NON_LITERAL_NULL_CONVERSION = YES;
				CLANG_WARN_OBJC_IMPLICIT_RETAIN_SELF = YES;
				CLANG_WARN_OBJC_LITERAL_CONVERSION = YES;
				CLANG_WARN_OBJC_ROOT_CLASS = YES_ERROR;
				CLANG_WARN_RANGE_LOOP_ANALYSIS = YES;
				CLANG_WARN_STRICT_PROTOTYPES = YES;
				CLANG_WARN_SUSPICIOUS_MOVE = YES;
				CLANG_WARN_UNGUARDED_AVAILABILITY = YES_AGGRESSIVE;
				CLANG_WARN_UNREACHABLE_CODE = YES;
				CLANG_WARN__DUPLICATE_METHOD_MATCH = YES;
				COPY_PHASE_STRIP = NO;
				DEBUG_INFORMATION_FORMAT = "dwarf-with-dsym";
				ENABLE_NS_ASSERTIONS = NO;
				ENABLE_STRICT_OBJC_MSGSEND = YES;
				GCC_C_LANGUAGE_STANDARD = gnu11;
				GCC_NO_COMMON_BLOCKS = YES;
				GCC_WARN_64_TO_32_BIT_CONVERSION = YES;
				GCC_WARN_ABOUT_RETURN_TYPE = YES_ERROR;
				GCC_WARN_UNDECLARED_SELECTOR = YES;
				GCC_WARN_UNINITIALIZED_AUTOS = YES_AGGRESSIVE;
				GCC_WARN_UNUSED_FUNCTION = YES;
				GCC_WARN_UNUSED_VARIABLE = YES;
				IPHONEOS_DEPLOYMENT_TARGET = 13.4;
				MTL_ENABLE_DEBUG_INFO = NO;
				MTL_FAST_MATH = YES;
				SDKROOT = iphoneos;
				SWIFT_COMPILATION_MODE = wholemodule;
				SWIFT_OPTIMIZATION_LEVEL = "-O";
				VALIDATE_PRODUCT = YES;
			};
			name = Release;
		};
		EC6B5D10246CE6D400ED6360 /* Debug */ = {
			isa = XCBuildConfiguration;
			buildSettings = {
				ASSETCATALOG_COMPILER_APPICON_NAME = AppIcon;
				CODE_SIGN_STYLE = Automatic;
				INFOPLIST_FILE = DoIt_Chapter3_HW/Info.plist;
				LD_RUNPATH_SEARCH_PATHS = (
					"$(inherited)",
					"@executable_path/Frameworks",
				);
				PRODUCT_BUNDLE_IDENTIFIER = "YunaeKim.DoIt-Chapter3-HW";
				PRODUCT_NAME = "$(TARGET_NAME)";
				SWIFT_VERSION = 5.0;
				TARGETED_DEVICE_FAMILY = "1,2";
			};
			name = Debug;
		};
		EC6B5D11246CE6D400ED6360 /* Release */ = {
			isa = XCBuildConfiguration;
			buildSettings = {
				ASSETCATALOG_COMPILER_APPICON_NAME = AppIcon;
				CODE_SIGN_STYLE = Automatic;
				INFOPLIST_FILE = DoIt_Chapter3_HW/Info.plist;
				LD_RUNPATH_SEARCH_PATHS = (
					"$(inherited)",
					"@executable_path/Frameworks",
				);
				PRODUCT_BUNDLE_IDENTIFIER = "YunaeKim.DoIt-Chapter3-HW";
				PRODUCT_NAME = "$(TARGET_NAME)";
				SWIFT_VERSION = 5.0;
				TARGETED_DEVICE_FAMILY = "1,2";
			};
			name = Release;
		};
/* End XCBuildConfiguration section */

/* Begin XCConfigurationList section */
		EC6B5CF6246CE6D300ED6360 /* Build configuration list for PBXProject "DoIt_Chapter3_HW" */ = {
			isa = XCConfigurationList;
			buildConfigurations = (
				EC6B5D0D246CE6D400ED6360 /* Debug */,
				EC6B5D0E246CE6D400ED6360 /* Release */,
			);
			defaultConfigurationIsVisible = 0;
			defaultConfigurationName = Release;
		};
		EC6B5D0F246CE6D400ED6360 /* Build configuration list for PBXNativeTarget "DoIt_Chapter3_HW" */ = {
			isa = XCConfigurationList;
			buildConfigurations = (
				EC6B5D10246CE6D400ED6360 /* Debug */,
				EC6B5D11246CE6D400ED6360 /* Release */,
			);
			defaultConfigurationIsVisible = 0;
			defaultConfigurationName = Release;
		};
/* End XCConfigurationList section */
	};
	rootObject = EC6B5CF3246CE6D300ED6360 /* Project object */;
}
