// !$*UTF8*$!
{
	archiveVersion = 1;
	classes = {
	};
	objectVersion = 50;
	objects = {

/* Begin PBXBuildFile section */
		EC78BC6124736B5100458137 /* AppDelegate.swift in Sources */ = {isa = PBXBuildFile; fileRef = EC78BC6024736B5100458137 /* AppDelegate.swift */; };
		EC78BC6324736B5100458137 /* SceneDelegate.swift in Sources */ = {isa = PBXBuildFile; fileRef = EC78BC6224736B5100458137 /* SceneDelegate.swift */; };
		EC78BC6524736B5100458137 /* ViewController.swift in Sources */ = {isa = PBXBuildFile; fileRef = EC78BC6424736B5100458137 /* ViewController.swift */; };
		EC78BC6824736B5100458137 /* Main.storyboard in Resources */ = {isa = PBXBuildFile; fileRef = EC78BC6624736B5100458137 /* Main.storyboard */; };
		EC78BC6A24736B5300458137 /* Assets.xcassets in Resources */ = {isa = PBXBuildFile; fileRef = EC78BC6924736B5300458137 /* Assets.xcassets */; };
		EC78BC6D24736B5300458137 /* LaunchScreen.storyboard in Resources */ = {isa = PBXBuildFile; fileRef = EC78BC6B24736B5300458137 /* LaunchScreen.storyboard */; };
/* End PBXBuildFile section */

/* Begin PBXFileReference section */
		EC78BC5D24736B5100458137 /* DoIt_Chapter4_HW.app */ = {isa = PBXFileReference; explicitFileType = wrapper.application; includeInIndex = 0; path = DoIt_Chapter4_HW.app; sourceTree = BUILT_PRODUCTS_DIR; };
		EC78BC6024736B5100458137 /* AppDelegate.swift */ = {isa = PBXFileReference; lastKnownFileType = sourcecode.swift; path = AppDelegate.swift; sourceTree = "<group>"; };
		EC78BC6224736B5100458137 /* SceneDelegate.swift */ = {isa = PBXFileReference; lastKnownFileType = sourcecode.swift; path = SceneDelegate.swift; sourceTree = "<group>"; };
		EC78BC6424736B5100458137 /* ViewController.swift */ = {isa = PBXFileReference; lastKnownFileType = sourcecode.swift; path = ViewController.swift; sourceTree = "<group>"; };
		EC78BC6724736B5100458137 /* Base */ = {isa = PBXFileReference; lastKnownFileType = file.storyboard; name = Base; path = Base.lproj/Main.storyboard; sourceTree = "<group>"; };
		EC78BC6924736B5300458137 /* Assets.xcassets */ = {isa = PBXFileReference; lastKnownFileType = folder.assetcatalog; path = Assets.xcassets; sourceTree = "<group>"; };
		EC78BC6C24736B5300458137 /* Base */ = {isa = PBXFileReference; lastKnownFileType = file.storyboard; name = Base; path = Base.lproj/LaunchScreen.storyboard; sourceTree = "<group>"; };
		EC78BC6E24736B5300458137 /* Info.plist */ = {isa = PBXFileReference; lastKnownFileType = text.plist.xml; path = Info.plist; sourceTree = "<group>"; };
/* End PBXFileReference section */

/* Begin PBXFrameworksBuildPhase section */
		EC78BC5A24736B5100458137 /* Frameworks */ = {
			isa = PBXFrameworksBuildPhase;
			buildActionMask = 2147483647;
			files = (
			);
			runOnlyForDeploymentPostprocessing = 0;
		};
/* End PBXFrameworksBuildPhase section */

/* Begin PBXGroup section */
		EC78BC5424736B5100458137 = {
			isa = PBXGroup;
			children = (
				EC78BC5F24736B5100458137 /* DoIt_Chapter4_HW */,
				EC78BC5E24736B5100458137 /* Products */,
			);
			sourceTree = "<group>";
		};
		EC78BC5E24736B5100458137 /* Products */ = {
			isa = PBXGroup;
			children = (
				EC78BC5D24736B5100458137 /* DoIt_Chapter4_HW.app */,
			);
			name = Products;
			sourceTree = "<group>";
		};
		EC78BC5F24736B5100458137 /* DoIt_Chapter4_HW */ = {
			isa = PBXGroup;
			children = (
				EC78BC6024736B5100458137 /* AppDelegate.swift */,
				EC78BC6224736B5100458137 /* SceneDelegate.swift */,
				EC78BC6424736B5100458137 /* ViewController.swift */,
				EC78BC6624736B5100458137 /* Main.storyboard */,
				EC78BC6924736B5300458137 /* Assets.xcassets */,
				EC78BC6B24736B5300458137 /* LaunchScreen.storyboard */,
				EC78BC6E24736B5300458137 /* Info.plist */,
			);
			path = DoIt_Chapter4_HW;
			sourceTree = "<group>";
		};
/* End PBXGroup section */

/* Begin PBXNativeTarget section */
		EC78BC5C24736B5100458137 /* DoIt_Chapter4_HW */ = {
			isa = PBXNativeTarget;
			buildConfigurationList = EC78BC7124736B5300458137 /* Build configuration list for PBXNativeTarget "DoIt_Chapter4_HW" */;
			buildPhases = (
				EC78BC5924736B5100458137 /* Sources */,
				EC78BC5A24736B5100458137 /* Frameworks */,
				EC78BC5B24736B5100458137 /* Resources */,
			);
			buildRules = (
			);
			dependencies = (
			);
			name = DoIt_Chapter4_HW;
			productName = DoIt_Chapter4_HW;
			productReference = EC78BC5D24736B5100458137 /* DoIt_Chapter4_HW.app */;
			productType = "com.apple.product-type.application";
		};
/* End PBXNativeTarget section */

/* Begin PBXProject section */
		EC78BC5524736B5100458137 /* Project object */ = {
			isa = PBXProject;
			attributes = {
				LastSwiftUpdateCheck = 1140;
				LastUpgradeCheck = 1140;
				ORGANIZATIONNAME = "Yunjae Kim";
				TargetAttributes = {
					EC78BC5C24736B5100458137 = {
						CreatedOnToolsVersion = 11.4.1;
					};
				};
			};
			buildConfigurationList = EC78BC5824736B5100458137 /* Build configuration list for PBXProject "DoIt_Chapter4_HW" */;
			compatibilityVersion = "Xcode 9.3";
			developmentRegion = en;
			hasScannedForEncodings = 0;
			knownRegions = (
				en,
				Base,
			);
			mainGroup = EC78BC5424736B5100458137;
			productRefGroup = EC78BC5E24736B5100458137 /* Products */;
			projectDirPath = "";
			projectRoot = "";
			targets = (
				EC78BC5C24736B5100458137 /* DoIt_Chapter4_HW */,
			);
		};
/* End PBXProject section */

/* Begin PBXResourcesBuildPhase section */
		EC78BC5B24736B5100458137 /* Resources */ = {
			isa = PBXResourcesBuildPhase;
			buildActionMask = 2147483647;
			files = (
				EC78BC6D24736B5300458137 /* LaunchScreen.storyboard in Resources */,
				EC78BC6A24736B5300458137 /* Assets.xcassets in Resources */,
				EC78BC6824736B5100458137 /* Main.storyboard in Resources */,
			);
			runOnlyForDeploymentPostprocessing = 0;
		};
/* End PBXResourcesBuildPhase section */

/* Begin PBXSourcesBuildPhase section */
		EC78BC5924736B5100458137 /* Sources */ = {
			isa = PBXSourcesBuildPhase;
			buildActionMask = 2147483647;
			files = (
				EC78BC6524736B5100458137 /* ViewController.swift in Sources */,
				EC78BC6124736B5100458137 /* AppDelegate.swift in Sources */,
				EC78BC6324736B5100458137 /* SceneDelegate.swift in Sources */,
			);
			runOnlyForDeploymentPostprocessing = 0;
		};
/* End PBXSourcesBuildPhase section */

/* Begin PBXVariantGroup section */
		EC78BC6624736B5100458137 /* Main.storyboard */ = {
			isa = PBXVariantGroup;
			children = (
				EC78BC6724736B5100458137 /* Base */,
			);
			name = Main.storyboard;
			sourceTree = "<group>";
		};
		EC78BC6B24736B5300458137 /* LaunchScreen.storyboard */ = {
			isa = PBXVariantGroup;
			children = (
				EC78BC6C24736B5300458137 /* Base */,
			);
			name = LaunchScreen.storyboard;
			sourceTree = "<group>";
		};
/* End PBXVariantGroup section */

/* Begin XCBuildConfiguration section */
		EC78BC6F24736B5300458137 /* Debug */ = {
			isa = XCBuildConfiguration;
			buildSettings = {
				ALWAYS_SEARCH_USER_PATHS = NO;
				CLANG_ANALYZER_NONNULL = YES;
				CLANG_ANALYZER_NUMBER_OBJECT_CONVERSION = YES_AGGRESSIVE;
				CLANG_CXX_LANGUAGE_STANDARD = "gnu++14";
				CLANG_CXX_LIBRARY = "libc++";
				CLANG_ENABLE_MODULES = YES;
				CLANG_ENABLE_OBJC_ARC = YES;
				CLANG_ENABLE_OBJC_WEAK = YES;
				CLANG_WARN_BLOCK_CAPTURE_AUTORELEASING = YES;
				CLANG_WARN_BOOL_CONVERSION = YES;
				CLANG_WARN_COMMA = YES;
				CLANG_WARN_CONSTANT_CONVERSION = YES;
				CLANG_WARN_DEPRECATED_OBJC_IMPLEMENTATIONS = YES;
				CLANG_WARN_DIRECT_OBJC_ISA_USAGE = YES_ERROR;
				CLANG_WARN_DOCUMENTATION_COMMENTS = YES;
				CLANG_WARN_EMPTY_BODY = YES;
				CLANG_WARN_ENUM_CONVERSION = YES;
				CLANG_WARN_INFINITE_RECURSION = YES;
				CLANG_WARN_INT_CONVERSION = YES;
				CLANG_WARN_NON_LITERAL_NULL_CONVERSION = YES;
				CLANG_WARN_OBJC_IMPLICIT_RETAIN_SELF = YES;
				CLANG_WARN_OBJC_LITERAL_CONVERSION = YES;
				CLANG_WARN_OBJC_ROOT_CLASS = YES_ERROR;
				CLANG_WARN_RANGE_LOOP_ANALYSIS = YES;
				CLANG_WARN_STRICT_PROTOTYPES = YES;
				CLANG_WARN_SUSPICIOUS_MOVE = YES;
				CLANG_WARN_UNGUARDED_AVAILABILITY = YES_AGGRESSIVE;
				CLANG_WARN_UNREACHABLE_CODE = YES;
				CLANG_WARN__DUPLICATE_METHOD_MATCH = YES;
				COPY_PHASE_STRIP = NO;
				DEBUG_INFORMATION_FORMAT = dwarf;
				ENABLE_STRICT_OBJC_MSGSEND = YES;
				ENABLE_TESTABILITY = YES;
				GCC_C_LANGUAGE_STANDARD = gnu11;
				GCC_DYNAMIC_NO_PIC = NO;
				GCC_NO_COMMON_BLOCKS = YES;
				GCC_OPTIMIZATION_LEVEL = 0;
				GCC_PREPROCESSOR_DEFINITIONS = (
					"DEBUG=1",
					"$(inherited)",
				);
				GCC_WARN_64_TO_32_BIT_CONVERSION = YES;
				GCC_WARN_ABOUT_RETURN_TYPE = YES_ERROR;
				GCC_WARN_UNDECLARED_SELECTOR = YES;
				GCC_WARN_UNINITIALIZED_AUTOS = YES_AGGRESSIVE;
				GCC_WARN_UNUSED_FUNCTION = YES;
				GCC_WARN_UNUSED_VARIABLE = YES;
				IPHONEOS_DEPLOYMENT_TARGET = 13.4;
				MTL_ENABLE_DEBUG_INFO = INCLUDE_SOURCE;
				MTL_FAST_MATH = YES;
				ONLY_ACTIVE_ARCH = YES;
				SDKROOT = iphoneos;
				SWIFT_ACTIVE_COMPILATION_CONDITIONS = DEBUG;
				SWIFT_OPTIMIZATION_LEVEL = "-Onone";
			};
			name = Debug;
		};
		EC78BC7024736B5300458137 /* Release */ = {
			isa = XCBuildConfiguration;
			buildSettings = {
				ALWAYS_SEARCH_USER_PATHS = NO;
				CLANG_ANALYZER_NONNULL = YES;
				CLANG_ANALYZER_NUMBER_OBJECT_CONVERSION = YES_AGGRESSIVE;
				CLANG_CXX_LANGUAGE_STANDARD = "gnu++14";
				CLANG_CXX_LIBRARY = "libc++";
				CLANG_ENABLE_MODULES = YES;
				CLANG_ENABLE_OBJC_ARC = YES;
				CLANG_ENABLE_OBJC_WEAK = YES;
				CLANG_WARN_BLOCK_CAPTURE_AUTORELEASING = YES;
				CLANG_WARN_BOOL_CONVERSION = YES;
				CLANG_WARN_COMMA = YES;
				CLANG_WARN_CONSTANT_CONVERSION = YES;
				CLANG_WARN_DEPRECATED_OBJC_IMPLEMENTATIONS = YES;
				CLANG_WARN_DIRECT_OBJC_ISA_USAGE = YES_ERROR;
				CLANG_WARN_DOCUMENTATION_COMMENTS = YES;
				CLANG_WARN_EMPTY_BODY = YES;
				CLANG_WARN_ENUM_CONVERSION = YES;
				CLANG_WARN_INFINITE_RECURSION = YES;
				CLANG_WARN_INT_CONVERSION = YES;
				CLANG_WARN_NON_LITERAL_NULL_CONVERSION = YES;
				CLANG_WARN_OBJC_IMPLICIT_RETAIN_SELF = YES;
				CLANG_WARN_OBJC_LITERAL_CONVERSION = YES;
				CLANG_WARN_OBJC_ROOT_CLASS = YES_ERROR;
				CLANG_WARN_RANGE_LOOP_ANALYSIS = YES;
				CLANG_WARN_STRICT_PROTOTYPES = YES;
				CLANG_WARN_SUSPICIOUS_MOVE = YES;
				CLANG_WARN_UNGUARDED_AVAILABILITY = YES_AGGRESSIVE;
				CLANG_WARN_UNREACHABLE_CODE = YES;
				CLANG_WARN__DUPLICATE_METHOD_MATCH = YES;
				COPY_PHASE_STRIP = NO;
				DEBUG_INFORMATION_FORMAT = "dwarf-with-dsym";
				ENABLE_NS_ASSERTIONS = NO;
				ENABLE_STRICT_OBJC_MSGSEND = YES;
				GCC_C_LANGUAGE_STANDARD = gnu11;
				GCC_NO_COMMON_BLOCKS = YES;
				GCC_WARN_64_TO_32_BIT_CONVERSION = YES;
				GCC_WARN_ABOUT_RETURN_TYPE = YES_ERROR;
				GCC_WARN_UNDECLARED_SELECTOR = YES;
				GCC_WARN_UNINITIALIZED_AUTOS = YES_AGGRESSIVE;
				GCC_WARN_UNUSED_FUNCTION = YES;
				GCC_WARN_UNUSED_VARIABLE = YES;
				IPHONEOS_DEPLOYMENT_TARGET = 13.4;
				MTL_ENABLE_DEBUG_INFO = NO;
				MTL_FAST_MATH = YES;
				SDKROOT = iphoneos;
				SWIFT_COMPILATION_MODE = wholemodule;
				SWIFT_OPTIMIZATION_LEVEL = "-O";
				VALIDATE_PRODUCT = YES;
			};
			name = Release;
		};
		EC78BC7224736B5300458137 /* Debug */ = {
			isa = XCBuildConfiguration;
			buildSettings = {
				ASSETCATALOG_COMPILER_APPICON_NAME = AppIcon;
				CODE_SIGN_STYLE = Automatic;
				INFOPLIST_FILE = DoIt_Chapter4_HW/Info.plist;
				LD_RUNPATH_SEARCH_PATHS = (
					"$(inherited)",
					"@executable_path/Frameworks",
				);
				PRODUCT_BUNDLE_IDENTIFIER = "YunaeKim.DoIt-Chapter4-HW";
				PRODUCT_NAME = "$(TARGET_NAME)";
				SWIFT_VERSION = 5.0;
				TARGETED_DEVICE_FAMILY = "1,2";
			};
			name = Debug;
		};
		EC78BC7324736B5300458137 /* Release */ = {
			isa = XCBuildConfiguration;
			buildSettings = {
				ASSETCATALOG_COMPILER_APPICON_NAME = AppIcon;
				CODE_SIGN_STYLE = Automatic;
				INFOPLIST_FILE = DoIt_Chapter4_HW/Info.plist;
				LD_RUNPATH_SEARCH_PATHS = (
					"$(inherited)",
					"@executable_path/Frameworks",
				);
				PRODUCT_BUNDLE_IDENTIFIER = "YunaeKim.DoIt-Chapter4-HW";
				PRODUCT_NAME = "$(TARGET_NAME)";
				SWIFT_VERSION = 5.0;
				TARGETED_DEVICE_FAMILY = "1,2";
			};
			name = Release;
		};
/* End XCBuildConfiguration section */

/* Begin XCConfigurationList section */
		EC78BC5824736B5100458137 /* Build configuration list for PBXProject "DoIt_Chapter4_HW" */ = {
			isa = XCConfigurationList;
			buildConfigurations = (
				EC78BC6F24736B5300458137 /* Debug */,
				EC78BC7024736B5300458137 /* Release */,
			);
			defaultConfigurationIsVisible = 0;
			defaultConfigurationName = Release;
		};
		EC78BC7124736B5300458137 /* Build configuration list for PBXNativeTarget "DoIt_Chapter4_HW" */ = {
			isa = XCConfigurationList;
			buildConfigurations = (
				EC78BC7224736B5300458137 /* Debug */,
				EC78BC7324736B5300458137 /* Release */,
			);
			defaultConfigurationIsVisible = 0;
			defaultConfigurationName = Release;
		};
/* End XCConfigurationList section */
	};
	rootObject = EC78BC5524736B5100458137 /* Project object */;
}
